// !$*UTF8*$!
{
	archiveVersion = 1;
	classes = {
	};
	objectVersion = 55;
	objects = {

/* Begin PBXBuildFile section */
		A616C0F127DE647800D599BB /* main.cpp in Sources */ = {isa = PBXBuildFile; fileRef = A616C0ED27DE647800D599BB /* main.cpp */; };
		A616C0F227DE647800D599BB /* Crud.cpp in Sources */ = {isa = PBXBuildFile; fileRef = A616C0EF27DE647800D599BB /* Crud.cpp */; };
		A616C10127DE64F700D599BB /* jsoncpp.cpp in Sources */ = {isa = PBXBuildFile; fileRef = A616C10027DE64F700D599BB /* jsoncpp.cpp */; };
/* End PBXBuildFile section */

/* Begin PBXCopyFilesBuildPhase section */
		A6A8356827DD5E60005D2878 /* CopyFiles */ = {
			isa = PBXCopyFilesBuildPhase;
			buildActionMask = 2147483647;
			dstPath = /usr/share/man/man1/;
			dstSubfolderSpec = 0;
			files = (
			);
			runOnlyForDeploymentPostprocessing = 1;
		};
/* End PBXCopyFilesBuildPhase section */

/* Begin PBXFileReference section */
		A616C0E827DE647800D599BB /* CMakeLists.txt */ = {isa = PBXFileReference; fileEncoding = 4; lastKnownFileType = text; path = CMakeLists.txt; sourceTree = "<group>"; };
		A616C0E927DE647800D599BB /* PreventInSourceBuilds.cmake */ = {isa = PBXFileReference; fileEncoding = 4; lastKnownFileType = text; path = PreventInSourceBuilds.cmake; sourceTree = "<group>"; };
		A616C0EA27DE647800D599BB /* PreventInBuildInstalls.cmake */ = {isa = PBXFileReference; fileEncoding = 4; lastKnownFileType = text; path = PreventInBuildInstalls.cmake; sourceTree = "<group>"; };
		A616C0EB27DE647800D599BB /* Crud.h */ = {isa = PBXFileReference; fileEncoding = 4; lastKnownFileType = sourcecode.c.h; path = Crud.h; sourceTree = "<group>"; };
		A616C0ED27DE647800D599BB /* main.cpp */ = {isa = PBXFileReference; fileEncoding = 4; lastKnownFileType = sourcecode.cpp.cpp; path = main.cpp; sourceTree = "<group>"; };
		A616C0EF27DE647800D599BB /* Crud.cpp */ = {isa = PBXFileReference; fileEncoding = 4; lastKnownFileType = sourcecode.cpp.cpp; path = Crud.cpp; sourceTree = "<group>"; };
		A616C0F027DE647800D599BB /* Crud.hpp */ = {isa = PBXFileReference; fileEncoding = 4; lastKnownFileType = sourcecode.cpp.h; path = Crud.hpp; sourceTree = "<group>"; };
		A616C0F427DE64C600D599BB /* forwards.h */ = {isa = PBXFileReference; fileEncoding = 4; lastKnownFileType = sourcecode.c.h; path = forwards.h; sourceTree = "<group>"; };
		A616C0F527DE64C600D599BB /* version.h */ = {isa = PBXFileReference; fileEncoding = 4; lastKnownFileType = sourcecode.c.h; path = version.h; sourceTree = "<group>"; };
		A616C0F627DE64C600D599BB /* json.h */ = {isa = PBXFileReference; fileEncoding = 4; lastKnownFileType = sourcecode.c.h; path = json.h; sourceTree = "<group>"; };
		A616C0F727DE64C600D599BB /* writer.h */ = {isa = PBXFileReference; fileEncoding = 4; lastKnownFileType = sourcecode.c.h; path = writer.h; sourceTree = "<group>"; };
		A616C0F827DE64C600D599BB /* json_features.h */ = {isa = PBXFileReference; fileEncoding = 4; lastKnownFileType = sourcecode.c.h; path = json_features.h; sourceTree = "<group>"; };
		A616C0F927DE64C600D599BB /* config.h */ = {isa = PBXFileReference; fileEncoding = 4; lastKnownFileType = sourcecode.c.h; path = config.h; sourceTree = "<group>"; };
		A616C0FA27DE64C600D599BB /* allocator.h */ = {isa = PBXFileReference; fileEncoding = 4; lastKnownFileType = sourcecode.c.h; path = allocator.h; sourceTree = "<group>"; };
		A616C0FB27DE64C600D599BB /* reader.h */ = {isa = PBXFileReference; fileEncoding = 4; lastKnownFileType = sourcecode.c.h; path = reader.h; sourceTree = "<group>"; };
		A616C0FC27DE64C600D599BB /* assertions.h */ = {isa = PBXFileReference; fileEncoding = 4; lastKnownFileType = sourcecode.c.h; path = assertions.h; sourceTree = "<group>"; };
		A616C0FD27DE64C600D599BB /* value.h */ = {isa = PBXFileReference; fileEncoding = 4; lastKnownFileType = sourcecode.c.h; path = value.h; sourceTree = "<group>"; };
		A616C10027DE64F700D599BB /* jsoncpp.cpp */ = {isa = PBXFileReference; fileEncoding = 4; lastKnownFileType = sourcecode.cpp.cpp; path = jsoncpp.cpp; sourceTree = "<group>"; };
		A616C10227DE650000D599BB /* json-forwards.h */ = {isa = PBXFileReference; fileEncoding = 4; lastKnownFileType = sourcecode.c.h; path = "json-forwards.h"; sourceTree = "<group>"; };
		A616C10327DE650000D599BB /* json.h */ = {isa = PBXFileReference; fileEncoding = 4; lastKnownFileType = sourcecode.c.h; path = json.h; sourceTree = "<group>"; };
		A616C10427DEA2D100D599BB /* data.json */ = {isa = PBXFileReference; lastKnownFileType = text.json; path = data.json; sourceTree = "<group>"; };
		A616C10527DEAA7B00D599BB /* datos.json */ = {isa = PBXFileReference; lastKnownFileType = text.json; path = datos.json; sourceTree = "<group>"; };
		A616C10627DEB57900D599BB /* items.json */ = {isa = PBXFileReference; lastKnownFileType = text.json; path = items.json; sourceTree = "<group>"; };
		A6A8356A27DD5E60005D2878 /* dfgsdgf */ = {isa = PBXFileReference; explicitFileType = "compiled.mach-o.executable"; includeInIndex = 0; name = dfgsdgf; path = "/Users/ingdiegocalde/Desarrollo/c++/dfgsdgf/build/Debug/dfgsdgf"; sourceTree = "<absolute>"; };
/* End PBXFileReference section */

/* Begin PBXFrameworksBuildPhase section */
		A6A8356727DD5E60005D2878 /* Frameworks */ = {
			isa = PBXFrameworksBuildPhase;
			buildActionMask = 2147483647;
			files = (
			);
			runOnlyForDeploymentPostprocessing = 0;
		};
/* End PBXFrameworksBuildPhase section */

/* Begin PBXGroup section */
		A616C0E727DE647800D599BB /* include */ = {
			isa = PBXGroup;
			children = (
				A616C0F327DE648800D599BB /* json */,
				A616C0E827DE647800D599BB /* CMakeLists.txt */,
				A616C0E927DE647800D599BB /* PreventInSourceBuilds.cmake */,
				A616C0EA27DE647800D599BB /* PreventInBuildInstalls.cmake */,
				A616C0EB27DE647800D599BB /* Crud.h */,
			);
			path = include;
			sourceTree = "<group>";
		};
		A616C0EC27DE647800D599BB /* dfgsdgf */ = {
			isa = PBXGroup;
			children = (
				A616C10427DEA2D100D599BB /* data.json */,
				A616C0ED27DE647800D599BB /* main.cpp */,
				A616C10627DEB57900D599BB /* items.json */,
			);
			path = dfgsdgf;
			sourceTree = "<group>";
		};
		A616C0EE27DE647800D599BB /* src */ = {
			isa = PBXGroup;
			children = (
				A616C0EF27DE647800D599BB /* Crud.cpp */,
				A616C0F027DE647800D599BB /* Crud.hpp */,
			);
			path = src;
			sourceTree = "<group>";
		};
		A616C0F327DE648800D599BB /* json */ = {
			isa = PBXGroup;
			children = (
				A616C0FA27DE64C600D599BB /* allocator.h */,
				A616C0FC27DE64C600D599BB /* assertions.h */,
				A616C0F927DE64C600D599BB /* config.h */,
				A616C0F427DE64C600D599BB /* forwards.h */,
				A616C0F827DE64C600D599BB /* json_features.h */,
				A616C0F627DE64C600D599BB /* json.h */,
				A616C0FB27DE64C600D599BB /* reader.h */,
				A616C0FD27DE64C600D599BB /* value.h */,
				A616C0F527DE64C600D599BB /* version.h */,
				A616C0F727DE64C600D599BB /* writer.h */,
			);
			path = json;
			sourceTree = "<group>";
		};
		A616C0FE27DE64CC00D599BB /* dis */ = {
			isa = PBXGroup;
			children = (
				A616C10027DE64F700D599BB /* jsoncpp.cpp */,
				A616C0FF27DE64D200D599BB /* json */,
			);
			path = dis;
			sourceTree = "<group>";
		};
		A616C0FF27DE64D200D599BB /* json */ = {
			isa = PBXGroup;
			children = (
				A616C10227DE650000D599BB /* json-forwards.h */,
				A616C10327DE650000D599BB /* json.h */,
			);
			path = json;
			sourceTree = "<group>";
		};
		A6A8356127DD5E5F005D2878 = {
			isa = PBXGroup;
			children = (
				A616C10527DEAA7B00D599BB /* datos.json */,
				A616C0FE27DE64CC00D599BB /* dis */,
				A616C0EC27DE647800D599BB /* dfgsdgf */,
				A616C0E727DE647800D599BB /* include */,
				A616C0EE27DE647800D599BB /* src */,
			);
			sourceTree = "<group>";
		};
/* End PBXGroup section */

/* Begin PBXNativeTarget section */
		A6A8356927DD5E60005D2878 /* dfgsdgf */ = {
			isa = PBXNativeTarget;
			buildConfigurationList = A6A8357127DD5E60005D2878 /* Build configuration list for PBXNativeTarget "dfgsdgf" */;
			buildPhases = (
				A6A8356627DD5E60005D2878 /* Sources */,
				A6A8356727DD5E60005D2878 /* Frameworks */,
				A6A8356827DD5E60005D2878 /* CopyFiles */,
			);
			buildRules = (
			);
			dependencies = (
			);
			name = dfgsdgf;
			productName = dfgsdgf;
			productReference = A6A8356A27DD5E60005D2878 /* dfgsdgf */;
			productType = "com.apple.product-type.tool";
		};
/* End PBXNativeTarget section */

/* Begin PBXProject section */
		A6A8356227DD5E60005D2878 /* Project object */ = {
			isa = PBXProject;
			attributes = {
				BuildIndependentTargetsInParallel = 1;
				LastUpgradeCheck = 1320;
				TargetAttributes = {
					A6A8356927DD5E60005D2878 = {
						CreatedOnToolsVersion = 13.2.1;
					};
				};
			};
			buildConfigurationList = A6A8356527DD5E60005D2878 /* Build configuration list for PBXProject "dfgsdgf" */;
			compatibilityVersion = "Xcode 13.0";
			developmentRegion = en;
			hasScannedForEncodings = 0;
			knownRegions = (
				en,
				Base,
			);
			mainGroup = A6A8356127DD5E5F005D2878;
			productRefGroup = A6A8356127DD5E5F005D2878;
			projectDirPath = "";
			projectRoot = "";
			targets = (
				A6A8356927DD5E60005D2878 /* dfgsdgf */,
			);
		};
/* End PBXProject section */

/* Begin PBXSourcesBuildPhase section */
		A6A8356627DD5E60005D2878 /* Sources */ = {
			isa = PBXSourcesBuildPhase;
			buildActionMask = 2147483647;
			files = (
				A616C10127DE64F700D599BB /* jsoncpp.cpp in Sources */,
				A616C0F127DE647800D599BB /* main.cpp in Sources */,
				A616C0F227DE647800D599BB /* Crud.cpp in Sources */,
			);
			runOnlyForDeploymentPostprocessing = 0;
		};
/* End PBXSourcesBuildPhase section */

/* Begin XCBuildConfiguration section */
		A6A8356F27DD5E60005D2878 /* Debug */ = {
			isa = XCBuildConfiguration;
			buildSettings = {
				ALWAYS_SEARCH_USER_PATHS = NO;
				CLANG_ANALYZER_NONNULL = YES;
				CLANG_ANALYZER_NUMBER_OBJECT_CONVERSION = YES_AGGRESSIVE;
				CLANG_CXX_LANGUAGE_STANDARD = "gnu++17";
				CLANG_CXX_LIBRARY = "libc++";
				CLANG_ENABLE_MODULES = YES;
				CLANG_ENABLE_OBJC_ARC = YES;
				CLANG_ENABLE_OBJC_WEAK = YES;
				CLANG_WARN_BLOCK_CAPTURE_AUTORELEASING = YES;
				CLANG_WARN_BOOL_CONVERSION = YES;
				CLANG_WARN_COMMA = YES;
				CLANG_WARN_CONSTANT_CONVERSION = YES;
				CLANG_WARN_DEPRECATED_OBJC_IMPLEMENTATIONS = YES;
				CLANG_WARN_DIRECT_OBJC_ISA_USAGE = YES_ERROR;
				CLANG_WARN_DOCUMENTATION_COMMENTS = YES;
				CLANG_WARN_EMPTY_BODY = YES;
				CLANG_WARN_ENUM_CONVERSION = YES;
				CLANG_WARN_INFINITE_RECURSION = YES;
				CLANG_WARN_INT_CONVERSION = YES;
				CLANG_WARN_NON_LITERAL_NULL_CONVERSION = YES;
				CLANG_WARN_OBJC_IMPLICIT_RETAIN_SELF = YES;
				CLANG_WARN_OBJC_LITERAL_CONVERSION = YES;
				CLANG_WARN_OBJC_ROOT_CLASS = YES_ERROR;
				CLANG_WARN_QUOTED_INCLUDE_IN_FRAMEWORK_HEADER = YES;
				CLANG_WARN_RANGE_LOOP_ANALYSIS = YES;
				CLANG_WARN_STRICT_PROTOTYPES = YES;
				CLANG_WARN_SUSPICIOUS_MOVE = YES;
				CLANG_WARN_UNGUARDED_AVAILABILITY = YES_AGGRESSIVE;
				CLANG_WARN_UNREACHABLE_CODE = YES;
				CLANG_WARN__DUPLICATE_METHOD_MATCH = YES;
				COPY_PHASE_STRIP = NO;
				DEBUG_INFORMATION_FORMAT = dwarf;
				ENABLE_STRICT_OBJC_MSGSEND = YES;
				ENABLE_TESTABILITY = YES;
				GCC_C_LANGUAGE_STANDARD = gnu11;
				GCC_DYNAMIC_NO_PIC = NO;
				GCC_NO_COMMON_BLOCKS = YES;
				GCC_OPTIMIZATION_LEVEL = 0;
				GCC_PREPROCESSOR_DEFINITIONS = (
					"DEBUG=1",
					"$(inherited)",
				);
				GCC_WARN_64_TO_32_BIT_CONVERSION = YES;
				GCC_WARN_ABOUT_RETURN_TYPE = YES_ERROR;
				GCC_WARN_UNDECLARED_SELECTOR = YES;
				GCC_WARN_UNINITIALIZED_AUTOS = YES_AGGRESSIVE;
				GCC_WARN_UNUSED_FUNCTION = YES;
				GCC_WARN_UNUSED_VARIABLE = YES;
				MACOSX_DEPLOYMENT_TARGET = 12.1;
				MTL_ENABLE_DEBUG_INFO = INCLUDE_SOURCE;
				MTL_FAST_MATH = YES;
				ONLY_ACTIVE_ARCH = YES;
				SDKROOT = macosx;
			};
			name = Debug;
		};
		A6A8357027DD5E60005D2878 /* Release */ = {
			isa = XCBuildConfiguration;
			buildSettings = {
				ALWAYS_SEARCH_USER_PATHS = NO;
				CLANG_ANALYZER_NONNULL = YES;
				CLANG_ANALYZER_NUMBER_OBJECT_CONVERSION = YES_AGGRESSIVE;
				CLANG_CXX_LANGUAGE_STANDARD = "gnu++17";
				CLANG_CXX_LIBRARY = "libc++";
				CLANG_ENABLE_MODULES = YES;
				CLANG_ENABLE_OBJC_ARC = YES;
				CLANG_ENABLE_OBJC_WEAK = YES;
				CLANG_WARN_BLOCK_CAPTURE_AUTORELEASING = YES;
				CLANG_WARN_BOOL_CONVERSION = YES;
				CLANG_WARN_COMMA = YES;
				CLANG_WARN_CONSTANT_CONVERSION = YES;
				CLANG_WARN_DEPRECATED_OBJC_IMPLEMENTATIONS = YES;
				CLANG_WARN_DIRECT_OBJC_ISA_USAGE = YES_ERROR;
				CLANG_WARN_DOCUMENTATION_COMMENTS = YES;
				CLANG_WARN_EMPTY_BODY = YES;
				CLANG_WARN_ENUM_CONVERSION = YES;
				CLANG_WARN_INFINITE_RECURSION = YES;
				CLANG_WARN_INT_CONVERSION = YES;
				CLANG_WARN_NON_LITERAL_NULL_CONVERSION = YES;
				CLANG_WARN_OBJC_IMPLICIT_RETAIN_SELF = YES;
				CLANG_WARN_OBJC_LITERAL_CONVERSION = YES;
				CLANG_WARN_OBJC_ROOT_CLASS = YES_ERROR;
				CLANG_WARN_QUOTED_INCLUDE_IN_FRAMEWORK_HEADER = YES;
				CLANG_WARN_RANGE_LOOP_ANALYSIS = YES;
				CLANG_WARN_STRICT_PROTOTYPES = YES;
				CLANG_WARN_SUSPICIOUS_MOVE = YES;
				CLANG_WARN_UNGUARDED_AVAILABILITY = YES_AGGRESSIVE;
				CLANG_WARN_UNREACHABLE_CODE = YES;
				CLANG_WARN__DUPLICATE_METHOD_MATCH = YES;
				COPY_PHASE_STRIP = NO;
				DEBUG_INFORMATION_FORMAT = "dwarf-with-dsym";
				ENABLE_NS_ASSERTIONS = NO;
				ENABLE_STRICT_OBJC_MSGSEND = YES;
				GCC_C_LANGUAGE_STANDARD = gnu11;
				GCC_NO_COMMON_BLOCKS = YES;
				GCC_WARN_64_TO_32_BIT_CONVERSION = YES;
				GCC_WARN_ABOUT_RETURN_TYPE = YES_ERROR;
				GCC_WARN_UNDECLARED_SELECTOR = YES;
				GCC_WARN_UNINITIALIZED_AUTOS = YES_AGGRESSIVE;
				GCC_WARN_UNUSED_FUNCTION = YES;
				GCC_WARN_UNUSED_VARIABLE = YES;
				MACOSX_DEPLOYMENT_TARGET = 12.1;
				MTL_ENABLE_DEBUG_INFO = NO;
				MTL_FAST_MATH = YES;
				SDKROOT = macosx;
			};
			name = Release;
		};
		A6A8357227DD5E60005D2878 /* Debug */ = {
			isa = XCBuildConfiguration;
			buildSettings = {
				CODE_SIGN_STYLE = Automatic;
				PRODUCT_NAME = "$(TARGET_NAME)";
			};
			name = Debug;
		};
		A6A8357327DD5E60005D2878 /* Release */ = {
			isa = XCBuildConfiguration;
			buildSettings = {
				CODE_SIGN_STYLE = Automatic;
				PRODUCT_NAME = "$(TARGET_NAME)";
			};
			name = Release;
		};
/* End XCBuildConfiguration section */

/* Begin XCConfigurationList section */
		A6A8356527DD5E60005D2878 /* Build configuration list for PBXProject "dfgsdgf" */ = {
			isa = XCConfigurationList;
			buildConfigurations = (
				A6A8356F27DD5E60005D2878 /* Debug */,
				A6A8357027DD5E60005D2878 /* Release */,
			);
			defaultConfigurationIsVisible = 0;
			defaultConfigurationName = Release;
		};
		A6A8357127DD5E60005D2878 /* Build configuration list for PBXNativeTarget "dfgsdgf" */ = {
			isa = XCConfigurationList;
			buildConfigurations = (
				A6A8357227DD5E60005D2878 /* Debug */,
				A6A8357327DD5E60005D2878 /* Release */,
			);
			defaultConfigurationIsVisible = 0;
			defaultConfigurationName = Release;
		};
/* End XCConfigurationList section */
	};
	rootObject = A6A8356227DD5E60005D2878 /* Project object */;
}
